
Microsoft Visual Studio Solution File, Format Version 12.00
# Visual Studio Version 16
VisualStudioVersion = 16.0.32510.428
MinimumVisualStudioVersion = 10.0.40219.1
Project("{FAE04EC0-301F-11D3-BF4B-00C04F79EFBC}") = "13-06_Exercie3", "13-06_Exercie3\13-06_Exercie3.csproj", "{B16319C7-7476-49E6-80A2-FC55749F993D}"
EndProject
Global
	GlobalSection(SolutionConfigurationPlatforms) = preSolution
		Debug|Any CPU = Debug|Any CPU
		Release|Any CPU = Release|Any CPU
	EndGlobalSection
	GlobalSection(ProjectConfigurationPlatforms) = postSolution
		{B16319C7-7476-49E6-80A2-FC55749F993D}.Debug|Any CPU.ActiveCfg = Debug|Any CPU
		{B16319C7-7476-49E6-80A2-FC55749F993D}.Debug|Any CPU.Build.0 = Debug|Any CPU
		{B16319C7-7476-49E6-80A2-FC55749F993D}.Release|Any CPU.ActiveCfg = Release|Any CPU
		{B16319C7-7476-49E6-80A2-FC55749F993D}.Release|Any CPU.Build.0 = Release|Any CPU
	EndGlobalSection
	GlobalSection(SolutionProperties) = preSolution
		HideSolutionNode = FALSE
	EndGlobalSection
	GlobalSection(ExtensibilityGlobals) = postSolution
		SolutionGuid = {29C59E46-3F7A-4F32-ACA4-5F9D1635FCAE}
	EndGlobalSection
EndGlobal
